
Microsoft Visual Studio Solution File, Format Version 12.00
# Visual Studio Version 16
VisualStudioVersion = 16.0.30804.86
MinimumVisualStudioVersion = 10.0.40219.1
Project("{9A19103F-16F7-4668-BE54-9A1E7A4F7556}") = "GymManager", "GymManager\GymManager.csproj", "{83B36945-B89C-4865-89AE-9C030AC85FAA}"
EndProject
Project("{FAE04EC0-301F-11D3-BF4B-00C04F79EFBC}") = "GymManagerWebApp", "GymManagerWebApp\GymManagerWebApp.csproj", "{7185CAF5-04CD-4D6C-9DF2-FAABF767CB44}"
EndProject
Global
	GlobalSection(SolutionConfigurationPlatforms) = preSolution
		Debug|Any CPU = Debug|Any CPU
		Release|Any CPU = Release|Any CPU
	EndGlobalSection
	GlobalSection(ProjectConfigurationPlatforms) = postSolution
		{83B36945-B89C-4865-89AE-9C030AC85FAA}.Debug|Any CPU.ActiveCfg = Debug|Any CPU
		{83B36945-B89C-4865-89AE-9C030AC85FAA}.Debug|Any CPU.Build.0 = Debug|Any CPU
		{83B36945-B89C-4865-89AE-9C030AC85FAA}.Release|Any CPU.ActiveCfg = Release|Any CPU
		{83B36945-B89C-4865-89AE-9C030AC85FAA}.Release|Any CPU.Build.0 = Release|Any CPU
		{7185CAF5-04CD-4D6C-9DF2-FAABF767CB44}.Debug|Any CPU.ActiveCfg = Debug|Any CPU
		{7185CAF5-04CD-4D6C-9DF2-FAABF767CB44}.Debug|Any CPU.Build.0 = Debug|Any CPU
		{7185CAF5-04CD-4D6C-9DF2-FAABF767CB44}.Release|Any CPU.ActiveCfg = Release|Any CPU
		{7185CAF5-04CD-4D6C-9DF2-FAABF767CB44}.Release|Any CPU.Build.0 = Release|Any CPU
	EndGlobalSection
	GlobalSection(SolutionProperties) = preSolution
		HideSolutionNode = FALSE
	EndGlobalSection
	GlobalSection(ExtensibilityGlobals) = postSolution
		SolutionGuid = {BFEEDE3B-AB58-4BD6-B397-D9F629C16B1C}
	EndGlobalSection
EndGlobal
